
Microsoft Visual Studio Solution File, Format Version 12.00
# Visual Studio 15
VisualStudioVersion = 15.0.26730.12
MinimumVisualStudioVersion = 10.0.40219.1
Project("{FAE04EC0-301F-11D3-BF4B-00C04F79EFBC}") = "Ignite", "Ignite\Ignite.csproj", "{0D98E449-C2C8-4B19-9F58-DA9068EB36B6}"
EndProject
Project("{FAE04EC0-301F-11D3-BF4B-00C04F79EFBC}") = "Ignite.Tests", "Ignite.Tests\Ignite.Tests.csproj", "{496A95DA-637E-4D01-A3D7-787712602A94}"
EndProject
Project("{FAE04EC0-301F-11D3-BF4B-00C04F79EFBC}") = "Ignite.Data", "Ignite.Data\Ignite.Data.csproj", "{F04954CA-CB4C-4AA6-9EFC-A562FEA72591}"
EndProject
Global
	GlobalSection(SolutionConfigurationPlatforms) = preSolution
		Debug|Any CPU = Debug|Any CPU
		Release|Any CPU = Release|Any CPU
	EndGlobalSection
	GlobalSection(ProjectConfigurationPlatforms) = postSolution
		{0D98E449-C2C8-4B19-9F58-DA9068EB36B6}.Debug|Any CPU.ActiveCfg = Debug|Any CPU
		{0D98E449-C2C8-4B19-9F58-DA9068EB36B6}.Debug|Any CPU.Build.0 = Debug|Any CPU
		{0D98E449-C2C8-4B19-9F58-DA9068EB36B6}.Release|Any CPU.ActiveCfg = Release|Any CPU
		{0D98E449-C2C8-4B19-9F58-DA9068EB36B6}.Release|Any CPU.Build.0 = Release|Any CPU
		{496A95DA-637E-4D01-A3D7-787712602A94}.Debug|Any CPU.ActiveCfg = Debug|Any CPU
		{496A95DA-637E-4D01-A3D7-787712602A94}.Debug|Any CPU.Build.0 = Debug|Any CPU
		{496A95DA-637E-4D01-A3D7-787712602A94}.Release|Any CPU.ActiveCfg = Release|Any CPU
		{496A95DA-637E-4D01-A3D7-787712602A94}.Release|Any CPU.Build.0 = Release|Any CPU
		{F04954CA-CB4C-4AA6-9EFC-A562FEA72591}.Debug|Any CPU.ActiveCfg = Debug|Any CPU
		{F04954CA-CB4C-4AA6-9EFC-A562FEA72591}.Debug|Any CPU.Build.0 = Debug|Any CPU
		{F04954CA-CB4C-4AA6-9EFC-A562FEA72591}.Release|Any CPU.ActiveCfg = Release|Any CPU
		{F04954CA-CB4C-4AA6-9EFC-A562FEA72591}.Release|Any CPU.Build.0 = Release|Any CPU
	EndGlobalSection
	GlobalSection(SolutionProperties) = preSolution
		HideSolutionNode = FALSE
	EndGlobalSection
	GlobalSection(ExtensibilityGlobals) = postSolution
		SolutionGuid = {FDBFC25A-5ADB-4E03-95AD-60448E37CA20}
	EndGlobalSection
EndGlobal
